
Microsoft Visual Studio Solution File, Format Version 12.00
# Visual Studio 2015
Project("{FAE04EC0-301F-11D3-BF4B-00C04F79EFBC}") = "FallThrough.CSharp", "FallThrough.CSharp.csproj", "{941D71E3-FC9D-33F5-7B15-CB1F9EBF4ECD}"
EndProject
Project("{FAE04EC0-301F-11D3-BF4B-00C04F79EFBC}") = "FallThrough.CSharp.Editor", "FallThrough.CSharp.Editor.csproj", "{14B30B46-82DD-E3D2-75DA-BB435A465F84}"
EndProject
Global
	GlobalSection(SolutionConfigurationPlatforms) = preSolution
		Debug|Any CPU = Debug|Any CPU
		Release|Any CPU = Release|Any CPU
	EndGlobalSection
	GlobalSection(ProjectConfigurationPlatforms) = postSolution
		{941D71E3-FC9D-33F5-7B15-CB1F9EBF4ECD}.Debug|Any CPU.ActiveCfg = Debug|Any CPU
		{941D71E3-FC9D-33F5-7B15-CB1F9EBF4ECD}.Debug|Any CPU.Build.0 = Debug|Any CPU
		{941D71E3-FC9D-33F5-7B15-CB1F9EBF4ECD}.Release|Any CPU.ActiveCfg = Release|Any CPU
		{941D71E3-FC9D-33F5-7B15-CB1F9EBF4ECD}.Release|Any CPU.Build.0 = Release|Any CPU
		{14B30B46-82DD-E3D2-75DA-BB435A465F84}.Debug|Any CPU.ActiveCfg = Debug|Any CPU
		{14B30B46-82DD-E3D2-75DA-BB435A465F84}.Debug|Any CPU.Build.0 = Debug|Any CPU
		{14B30B46-82DD-E3D2-75DA-BB435A465F84}.Release|Any CPU.ActiveCfg = Release|Any CPU
		{14B30B46-82DD-E3D2-75DA-BB435A465F84}.Release|Any CPU.Build.0 = Release|Any CPU
	EndGlobalSection
	GlobalSection(SolutionProperties) = preSolution
		HideSolutionNode = FALSE
	EndGlobalSection
EndGlobal
